
Microsoft Visual Studio Solution File, Format Version 12.00
# Visual Studio Version 17
VisualStudioVersion = 17.11.35219.272
MinimumVisualStudioVersion = 10.0.40219.1
Project("{9A19103F-16F7-4668-BE54-9A1E7A4F7556}") = "Webshop", "Webshop\Webshop.csproj", "{EBD44AA7-13A6-49C3-A42D-6293AF4D82F0}"
EndProject
Project("{9A19103F-16F7-4668-BE54-9A1E7A4F7556}") = "Webshop.Shared", "Webshop.Shared\Webshop.Shared.csproj", "{EB5CB1A9-0E83-416F-B608-49685BDE7474}"
EndProject
Project("{FAE04EC0-301F-11D3-BF4B-00C04F79EFBC}") = "Webshop.UnitTest", "Webshop.UnitTest\Webshop.UnitTest.csproj", "{9D52FDC4-69F7-4A3B-A2E7-A2493EA5EF71}"
EndProject
Global
	GlobalSection(SolutionConfigurationPlatforms) = preSolution
		Debug|Any CPU = Debug|Any CPU
		Release|Any CPU = Release|Any CPU
	EndGlobalSection
	GlobalSection(ProjectConfigurationPlatforms) = postSolution
		{EBD44AA7-13A6-49C3-A42D-6293AF4D82F0}.Debug|Any CPU.ActiveCfg = Debug|Any CPU
		{EBD44AA7-13A6-49C3-A42D-6293AF4D82F0}.Debug|Any CPU.Build.0 = Debug|Any CPU
		{EBD44AA7-13A6-49C3-A42D-6293AF4D82F0}.Release|Any CPU.ActiveCfg = Release|Any CPU
		{EBD44AA7-13A6-49C3-A42D-6293AF4D82F0}.Release|Any CPU.Build.0 = Release|Any CPU
		{EB5CB1A9-0E83-416F-B608-49685BDE7474}.Debug|Any CPU.ActiveCfg = Debug|Any CPU
		{EB5CB1A9-0E83-416F-B608-49685BDE7474}.Debug|Any CPU.Build.0 = Debug|Any CPU
		{EB5CB1A9-0E83-416F-B608-49685BDE7474}.Release|Any CPU.ActiveCfg = Release|Any CPU
		{EB5CB1A9-0E83-416F-B608-49685BDE7474}.Release|Any CPU.Build.0 = Release|Any CPU
		{9D52FDC4-69F7-4A3B-A2E7-A2493EA5EF71}.Debug|Any CPU.ActiveCfg = Debug|Any CPU
		{9D52FDC4-69F7-4A3B-A2E7-A2493EA5EF71}.Debug|Any CPU.Build.0 = Debug|Any CPU
		{9D52FDC4-69F7-4A3B-A2E7-A2493EA5EF71}.Release|Any CPU.ActiveCfg = Release|Any CPU
		{9D52FDC4-69F7-4A3B-A2E7-A2493EA5EF71}.Release|Any CPU.Build.0 = Release|Any CPU
	EndGlobalSection
	GlobalSection(SolutionProperties) = preSolution
		HideSolutionNode = FALSE
	EndGlobalSection
	GlobalSection(ExtensibilityGlobals) = postSolution
		SolutionGuid = {9100C397-1116-431F-9943-FA77FB2F816B}
	EndGlobalSection
EndGlobal
